PODS:
  - SGTileLayer (0.0.2)

DEPENDENCIES:
  - SGTileLayer (from `../SGTileLayer.podspec`)

EXTERNAL SOURCES:
  SGTileLayer:
    :path: ../SGTileLayer.podspec

SPEC CHECKSUMS:
  SGTileLayer: e42c7f7e79d71c656066eb771b37c8aea3697279

PODFILE CHECKSUM: 8a60ccd11406ecc137978f396d09213bc28b6f84

COCOAPODS: 1.0.1
