PODS:
  - SGTileLayer (0.0.2)

DEPENDENCIES:
  - SGTileLayer (from `../SGTileLayer.podspec`)

EXTERNAL SOURCES:
  SGTileLayer:
    :path: ../SGTileLayer.podspec

SPEC CHECKSUMS:
  SGTileLayer: b44b940a710005cc065d1df743742cefd9352da9

PODFILE CHECKSUM: a308b0f7e70575dfe58651b18dd260367d715950

COCOAPODS: 1.0.1
