PODS:
  - SGTileLayer (0.0.2)

DEPENDENCIES:
  - SGTileLayer (from `../SGTileLayer.podspec`)

EXTERNAL SOURCES:
  SGTileLayer:
    :path: ../SGTileLayer.podspec

SPEC CHECKSUMS:
  SGTileLayer: a09fe120b480592dea37e24c15096828147f22f6

PODFILE CHECKSUM: a308b0f7e70575dfe58651b18dd260367d715950

COCOAPODS: 1.0.1
